# THIS IS AN AUTOGENERATED FILE. DO NOT EDIT THIS FILE DIRECTLY.
# yarn lockfile v1


"@prisma/client@^6.12.0":
  version "6.12.0"
  resolved "https://registry.yarnpkg.com/@prisma/client/-/client-6.12.0.tgz#e855c76fbad75b9b28ce7879be47bfeaba8ff588"
  integrity sha512-wn98bJ3Cj6edlF4jjpgXwbnQIo/fQLqqQHPk2POrZPxTlhY3+n90SSIF3LMRVa8VzRFC/Gec3YKJRxRu+AIGVA==

"@prisma/config@6.12.0":
  version "6.12.0"
  resolved "https://registry.yarnpkg.com/@prisma/config/-/config-6.12.0.tgz#365af09f162b59516b4e63153dd0238b50461b6d"
  integrity sha512-HovZWzhWEMedHxmjefQBRZa40P81N7/+74khKFz9e1AFjakcIQdXgMWKgt20HaACzY+d1LRBC+L4tiz71t9fkg==
  dependencies:
    jiti "2.4.2"

"@prisma/debug@6.12.0":
  version "6.12.0"
  resolved "https://registry.yarnpkg.com/@prisma/debug/-/debug-6.12.0.tgz#15a6a0941624cb0adf20e0df978bbcc85e3c6518"
  integrity sha512-plbz6z72orcqr0eeio7zgUrZj5EudZUpAeWkFTA/DDdXEj28YHDXuiakvR6S7sD6tZi+jiwQEJAPeV6J6m/tEQ==

"@prisma/engines-version@6.12.0-15.8047c96bbd92db98a2abc7c9323ce77c02c89dbc":
  version "6.12.0-15.8047c96bbd92db98a2abc7c9323ce77c02c89dbc"
  resolved "https://registry.yarnpkg.com/@prisma/engines-version/-/engines-version-6.12.0-15.8047c96bbd92db98a2abc7c9323ce77c02c89dbc.tgz#db1d677728e1231669e8031ae5f23c393daa3fab"
  integrity sha512-70vhecxBJlRr06VfahDzk9ow4k1HIaSfVUT3X0/kZoHCMl9zbabut4gEXAyzJZxaCGi5igAA7SyyfBI//mmkbQ==

"@prisma/engines@6.12.0":
  version "6.12.0"
  resolved "https://registry.yarnpkg.com/@prisma/engines/-/engines-6.12.0.tgz#a264ac99ec87e95f8b4b276691d43e2ec3306956"
  integrity sha512-4BRZZUaAuB4p0XhTauxelvFs7IllhPmNLvmla0bO1nkECs8n/o1pUvAVbQ/VOrZR5DnF4HED0PrGai+rIOVePA==
  dependencies:
    "@prisma/debug" "6.12.0"
    "@prisma/engines-version" "6.12.0-15.8047c96bbd92db98a2abc7c9323ce77c02c89dbc"
    "@prisma/fetch-engine" "6.12.0"
    "@prisma/get-platform" "6.12.0"

"@prisma/fetch-engine@6.12.0":
  version "6.12.0"
  resolved "https://registry.yarnpkg.com/@prisma/fetch-engine/-/fetch-engine-6.12.0.tgz#231515dde53dd8efc36e79837729456d2b3e71f1"
  integrity sha512-EamoiwrK46rpWaEbLX9aqKDPOd8IyLnZAkiYXFNuq0YsU0Z8K09/rH8S7feOWAVJ3xzeSgcEJtBlVDrajM9Sag==
  dependencies:
    "@prisma/debug" "6.12.0"
    "@prisma/engines-version" "6.12.0-15.8047c96bbd92db98a2abc7c9323ce77c02c89dbc"
    "@prisma/get-platform" "6.12.0"

"@prisma/get-platform@6.12.0":
  version "6.12.0"
  resolved "https://registry.yarnpkg.com/@prisma/get-platform/-/get-platform-6.12.0.tgz#b41845b87426b64358018d752b14e9a2c8cb7bc4"
  integrity sha512-nRerTGhTlgyvcBlyWgt8OLNIV7QgJS2XYXMJD1hysorMCuLAjuDDuoxmVt7C2nLxbuxbWPp7OuFRHC23HqD9dA==
  dependencies:
    "@prisma/debug" "6.12.0"

jiti@2.4.2:
  version "2.4.2"
  resolved "https://registry.yarnpkg.com/jiti/-/jiti-2.4.2.tgz#d19b7732ebb6116b06e2038da74a55366faef560"
  integrity sha512-rg9zJN+G4n2nfJl5MW3BMygZX56zKPNVEYYqq7adpmMh4Jn2QNEwhvQlFy6jPVdcod7txZtKHWnyZiA3a0zP7A==

prisma@^6.12.0:
  version "6.12.0"
  resolved "https://registry.yarnpkg.com/prisma/-/prisma-6.12.0.tgz#4f5416c27b6f18df89c6fe42c9fb0e52f8fedc9a"
  integrity sha512-pmV7NEqQej9WjizN6RSNIwf7Y+jeh9mY1JEX2WjGxJi4YZWexClhde1yz/FuvAM+cTwzchcMytu2m4I6wPkIzg==
  dependencies:
    "@prisma/config" "6.12.0"
    "@prisma/engines" "6.12.0"
